lockfileVersion: '9.0'

settings:
  autoInstallPeers: true
  excludeLinksFromLockfile: false

importers:

  .:
    devDependencies:
      '@types/node':
        specifier: ^22.15.2
        version: 22.19.17
      typescript:
        specifier: ^5.8.3
        version: 5.9.3

  apps/cli:
    dependencies:
      '@archetype-studio/config':
        specifier: workspace:*
        version: link:../../packages/config
      '@archetype-studio/core':
        specifier: workspace:*
        version: link:../../packages/core
      '@archetype-studio/fs-store':
        specifier: workspace:*
        version: link:../../packages/fs-store
      '@archetype-studio/renderer':
        specifier: workspace:*
        version: link:../../packages/renderer

  packages/config:
    dependencies:
      '@archetype-studio/core':
        specifier: workspace:*
        version: link:../core

  packages/core:
    dependencies:
      zod:
        specifier: ^3.24.3
        version: 3.25.76

  packages/fs-store:
    dependencies:
      '@archetype-studio/core':
        specifier: workspace:*
        version: link:../core

  packages/renderer:
    dependencies:
      '@archetype-studio/config':
        specifier: workspace:*
        version: link:../config
      '@archetype-studio/core':
        specifier: workspace:*
        version: link:../core
      playwright-core:
        specifier: ^1.52.0
        version: 1.59.1

packages:

  '@types/node@22.19.17':
    resolution: {integrity: sha512-wGdMcf+vPYM6jikpS/qhg6WiqSV/OhG+jeeHT/KlVqxYfD40iYJf9/AE1uQxVWFvU7MipKRkRv8NSHiCGgPr8Q==}

  playwright-core@1.59.1:
    resolution: {integrity: sha512-HBV/RJg81z5BiiZ9yPzIiClYV/QMsDCKUyogwH9p3MCP6IYjUFu/MActgYAvK0oWyV9NlwM3GLBjADyWgydVyg==}
    engines: {node: '>=18'}
    hasBin: true

  typescript@5.9.3:
    resolution: {integrity: sha512-jl1vZzPDinLr9eUt3J/t7V6FgNEw9QjvBPdysz9KfQDD41fQrC2Y4vKQdiaUpFT4bXlb1RHhLpp8wtm6M5TgSw==}
    engines: {node: '>=14.17'}
    hasBin: true

  undici-types@6.21.0:
    resolution: {integrity: sha512-iwDZqg0QAGrg9Rav5H4n0M64c3mkR59cJ6wQp+7C4nI0gsmExaedaYLNO44eT4AtBBwjbTiGPMlt2Md0T9H9JQ==}

  zod@3.25.76:
    resolution: {integrity: sha512-gzUt/qt81nXsFGKIFcC3YnfEAx5NkunCfnDlvuBSSFS02bcXu4Lmea0AFIUwbLWxWPx3d9p8S5QoaujKcNQxcQ==}

snapshots:

  '@types/node@22.19.17':
    dependencies:
      undici-types: 6.21.0

  playwright-core@1.59.1: {}

  typescript@5.9.3: {}

  undici-types@6.21.0: {}

  zod@3.25.76: {}
